
Microsoft Visual Studio Solution File, Format Version 12.00
Project("{FAE04EC0-301F-11D3-BF4B-00C04F79EFBC}") = "Ksp2Uitk", "Ksp2UitkProject\Ksp2Uitk.csproj", "{BB44D692-69E9-44A2-99C6-582CC583EEB0}"
EndProject
Project("{FAE04EC0-301F-11D3-BF4B-00C04F79EFBC}") = "UitkPatcher", "UitkPatcherProject\UitkPatcher.csproj", "{2A4E3816-C865-42CA-8389-BEE88DEDC3FB}"
EndProject
Global
	GlobalSection(SolutionConfigurationPlatforms) = preSolution
		Debug|Any CPU = Debug|Any CPU
		Release|Any CPU = Release|Any CPU
	EndGlobalSection
	GlobalSection(ProjectConfigurationPlatforms) = postSolution
		{BB44D692-69E9-44A2-99C6-582CC583EEB0}.Debug|Any CPU.ActiveCfg = Debug|Any CPU
		{BB44D692-69E9-44A2-99C6-582CC583EEB0}.Debug|Any CPU.Build.0 = Debug|Any CPU
		{BB44D692-69E9-44A2-99C6-582CC583EEB0}.Release|Any CPU.ActiveCfg = Release|Any CPU
		{BB44D692-69E9-44A2-99C6-582CC583EEB0}.Release|Any CPU.Build.0 = Release|Any CPU
		{2A4E3816-C865-42CA-8389-BEE88DEDC3FB}.Debug|Any CPU.ActiveCfg = Debug|Any CPU
		{2A4E3816-C865-42CA-8389-BEE88DEDC3FB}.Debug|Any CPU.Build.0 = Debug|Any CPU
		{2A4E3816-C865-42CA-8389-BEE88DEDC3FB}.Release|Any CPU.ActiveCfg = Release|Any CPU
		{2A4E3816-C865-42CA-8389-BEE88DEDC3FB}.Release|Any CPU.Build.0 = Release|Any CPU
	EndGlobalSection
EndGlobal
