
Microsoft Visual Studio Solution File, Format Version 12.00
Project("{FAE04EC0-301F-11D3-BF4B-00C04F79EFBC}") = "UitkForKsp2", "src/UitkForKsp2/UitkForKsp2.csproj", "{565C7218-C9B6-41BE-8EE3-71E8C31283F8}"
EndProject
Project("{FAE04EC0-301F-11D3-BF4B-00C04F79EFBC}") = "UitkForKsp2.Patcher", "src/UitkForKsp2.Patcher/UitkForKsp2.Patcher.csproj", "{753347B4-A7F3-4AF8-B607-F204C3CD1792}"
EndProject
Project("{FAE04EC0-301F-11D3-BF4B-00C04F79EFBC}") = "UitkForKsp2.Controls", "src/UitkForKsp2.Controls/UitkForKsp2.Controls.csproj", "{FFACD8BF-1B23-4869-BC22-6C8C30ACCBEC}"
EndProject
Global
	GlobalSection(SolutionConfigurationPlatforms) = preSolution
		Debug|Any CPU = Debug|Any CPU
		Release|Any CPU = Release|Any CPU
		Deploy|Any CPU = Deploy|Any CPU
		DeployAndRun|Any CPU = DeployAndRun|Any CPU
	EndGlobalSection
	GlobalSection(ProjectConfigurationPlatforms) = postSolution
		{565C7218-C9B6-41BE-8EE3-71E8C31283F8}.Debug|Any CPU.ActiveCfg = Debug|Any CPU
		{565C7218-C9B6-41BE-8EE3-71E8C31283F8}.Debug|Any CPU.Build.0 = Debug|Any CPU
		{565C7218-C9B6-41BE-8EE3-71E8C31283F8}.Release|Any CPU.ActiveCfg = Release|Any CPU
		{565C7218-C9B6-41BE-8EE3-71E8C31283F8}.Release|Any CPU.Build.0 = Release|Any CPU
		{565C7218-C9B6-41BE-8EE3-71E8C31283F8}.Deploy|Any CPU.ActiveCfg = Deploy|Any CPU
		{565C7218-C9B6-41BE-8EE3-71E8C31283F8}.Deploy|Any CPU.Build.0 = Deploy|Any CPU
		{565C7218-C9B6-41BE-8EE3-71E8C31283F8}.DeployAndRun|Any CPU.ActiveCfg = DeployAndRun|Any CPU
		{565C7218-C9B6-41BE-8EE3-71E8C31283F8}.DeployAndRun|Any CPU.Build.0 = DeployAndRun|Any CPU
		{753347B4-A7F3-4AF8-B607-F204C3CD1792}.Debug|Any CPU.ActiveCfg = Debug|Any CPU
		{753347B4-A7F3-4AF8-B607-F204C3CD1792}.Debug|Any CPU.Build.0 = Debug|Any CPU
		{753347B4-A7F3-4AF8-B607-F204C3CD1792}.Release|Any CPU.ActiveCfg = Release|Any CPU
		{753347B4-A7F3-4AF8-B607-F204C3CD1792}.Release|Any CPU.Build.0 = Release|Any CPU
		{753347B4-A7F3-4AF8-B607-F204C3CD1792}.Deploy|Any CPU.ActiveCfg = Deploy|Any CPU
		{753347B4-A7F3-4AF8-B607-F204C3CD1792}.Deploy|Any CPU.Build.0 = Deploy|Any CPU
		{753347B4-A7F3-4AF8-B607-F204C3CD1792}.DeployAndRun|Any CPU.ActiveCfg = DeployAndRun|Any CPU
		{753347B4-A7F3-4AF8-B607-F204C3CD1792}.DeployAndRun|Any CPU.Build.0 = DeployAndRun|Any CPU
		{FFACD8BF-1B23-4869-BC22-6C8C30ACCBEC}.DeployAndRun|Any CPU.ActiveCfg = DeployAndRun|Any CPU
		{FFACD8BF-1B23-4869-BC22-6C8C30ACCBEC}.DeployAndRun|Any CPU.Build.0 = DeployAndRun|Any CPU
	EndGlobalSection
EndGlobal
